{
  "name": "src",
  "lockfileVersion": 2,
  "requires": true,
  "packages": {
    "": {
      "dependencies": {
        "@iota/iota.js": "^1.8.6"
      }
    },
    "node_modules/@iota/crypto.js": {
      "version": "1.8.6",
      "resolved": "https://registry.npmjs.org/@iota/crypto.js/-/crypto.js-1.8.6.tgz",
      "integrity": "sha512-bmsBL+gEJVlT1KgkOqjIkPsyNs5VV9MyrAWo9UAYdGNxfyH+KeYiiRzIaQwwhCzUkncuNzlCTbEo2qRJQoKETg==",
      "dependencies": {
        "@iota/util.js": "^1.8.6",
        "big-integer": "^1.6.51"
      },
      "engines": {
        "node": ">=14.0.0"
      }
    },
    "node_modules/@iota/iota.js": {
      "version": "1.8.6",
      "resolved": "https://registry.npmjs.org/@iota/iota.js/-/iota.js-1.8.6.tgz",
      "integrity": "sha512-KkUgYS+bde2v5ThjQsVWOECdRH1ym0atUod6TPk9YR05xNpVFq/kt4N/QBKqYv0ysLCL/EjR6mVZCrc5mE6CHA==",
      "dependencies": {
        "@iota/crypto.js": "^1.8.6",
        "@iota/util.js": "^1.8.6",
        "big-integer": "^1.6.51",
        "node-fetch": "2.6.7"
      },
      "engines": {
        "node": ">=14.0.0"
      }
    },
    "node_modules/@iota/util.js": {
      "version": "1.8.6",
      "resolved": "https://registry.npmjs.org/@iota/util.js/-/util.js-1.8.6.tgz",
      "integrity": "sha512-vQRYU0bDKORGFzeoN2zn7tO4Kjqv+h2P/J//MRspg9Kyy1TKgtGkn0j0M2ZSwJjScH6Cn2BQmRLet/ZBpg6osA==",
      "dependencies": {
        "big-integer": "^1.6.51"
      },
      "engines": {
        "node": ">=14.0.0"
      }
    },
    "node_modules/big-integer": {
      "version": "1.6.51",
      "resolved": "https://registry.npmjs.org/big-integer/-/big-integer-1.6.51.tgz",
      "integrity": "sha512-GPEid2Y9QU1Exl1rpO9B2IPJGHPSupF5GnVIP0blYvNOMer2bTvSWs1jGOUg04hTmu67nmLsQ9TBo1puaotBHg==",
      "engines": {
        "node": ">=0.6"
      }
    },
    "node_modules/node-fetch": {
      "version": "2.6.7",
      "resolved": "https://registry.npmjs.org/node-fetch/-/node-fetch-2.6.7.tgz",
      "integrity": "sha512-ZjMPFEfVx5j+y2yF35Kzx5sF7kDzxuDj6ziH4FFbOp87zKDZNx8yExJIb05OGF4Nlt9IHFIMBkRl41VdvcNdbQ==",
      "dependencies": {
        "whatwg-url": "^5.0.0"
      },
      "engines": {
        "node": "4.x || >=6.0.0"
      },
      "peerDependencies": {
        "encoding": "^0.1.0"
      },
      "peerDependenciesMeta": {
        "encoding": {
          "optional": true
        }
      }
    },
    "node_modules/tr46": {
      "version": "0.0.3",
      "resolved": "https://registry.npmjs.org/tr46/-/tr46-0.0.3.tgz",
      "integrity": "sha1-gYT9NH2snNwYWZLzpmIuFLnZq2o="
    },
    "node_modules/webidl-conversions": {
      "version": "3.0.1",
      "resolved": "https://registry.npmjs.org/webidl-conversions/-/webidl-conversions-3.0.1.tgz",
      "integrity": "sha1-JFNCdeKnvGvnvIZhHMFq4KVlSHE="
    },
    "node_modules/whatwg-url": {
      "version": "5.0.0",
      "resolved": "https://registry.npmjs.org/whatwg-url/-/whatwg-url-5.0.0.tgz",
      "integrity": "sha1-lmRU6HZUYuN2RNNib2dCzotwll0=",
      "dependencies": {
        "tr46": "~0.0.3",
        "webidl-conversions": "^3.0.0"
      }
    }
  },
  "dependencies": {
    "@iota/crypto.js": {
      "version": "1.8.6",
      "resolved": "https://registry.npmjs.org/@iota/crypto.js/-/crypto.js-1.8.6.tgz",
      "integrity": "sha512-bmsBL+gEJVlT1KgkOqjIkPsyNs5VV9MyrAWo9UAYdGNxfyH+KeYiiRzIaQwwhCzUkncuNzlCTbEo2qRJQoKETg==",
      "requires": {
        "@iota/util.js": "^1.8.6",
        "big-integer": "^1.6.51"
      }
    },
    "@iota/iota.js": {
      "version": "1.8.6",
      "resolved": "https://registry.npmjs.org/@iota/iota.js/-/iota.js-1.8.6.tgz",
      "integrity": "sha512-KkUgYS+bde2v5ThjQsVWOECdRH1ym0atUod6TPk9YR05xNpVFq/kt4N/QBKqYv0ysLCL/EjR6mVZCrc5mE6CHA==",
      "requires": {
        "@iota/crypto.js": "^1.8.6",
        "@iota/util.js": "^1.8.6",
        "big-integer": "^1.6.51",
        "node-fetch": "2.6.7"
      }
    },
    "@iota/util.js": {
      "version": "1.8.6",
      "resolved": "https://registry.npmjs.org/@iota/util.js/-/util.js-1.8.6.tgz",
      "integrity": "sha512-vQRYU0bDKORGFzeoN2zn7tO4Kjqv+h2P/J//MRspg9Kyy1TKgtGkn0j0M2ZSwJjScH6Cn2BQmRLet/ZBpg6osA==",
      "requires": {
        "big-integer": "^1.6.51"
      }
    },
    "big-integer": {
      "version": "1.6.51",
      "resolved": "https://registry.npmjs.org/big-integer/-/big-integer-1.6.51.tgz",
      "integrity": "sha512-GPEid2Y9QU1Exl1rpO9B2IPJGHPSupF5GnVIP0blYvNOMer2bTvSWs1jGOUg04hTmu67nmLsQ9TBo1puaotBHg=="
    },
    "node-fetch": {
      "version": "2.6.7",
      "resolved": "https://registry.npmjs.org/node-fetch/-/node-fetch-2.6.7.tgz",
      "integrity": "sha512-ZjMPFEfVx5j+y2yF35Kzx5sF7kDzxuDj6ziH4FFbOp87zKDZNx8yExJIb05OGF4Nlt9IHFIMBkRl41VdvcNdbQ==",
      "requires": {
        "whatwg-url": "^5.0.0"
      }
    },
    "tr46": {
      "version": "0.0.3",
      "resolved": "https://registry.npmjs.org/tr46/-/tr46-0.0.3.tgz",
      "integrity": "sha1-gYT9NH2snNwYWZLzpmIuFLnZq2o="
    },
    "webidl-conversions": {
      "version": "3.0.1",
      "resolved": "https://registry.npmjs.org/webidl-conversions/-/webidl-conversions-3.0.1.tgz",
      "integrity": "sha1-JFNCdeKnvGvnvIZhHMFq4KVlSHE="
    },
    "whatwg-url": {
      "version": "5.0.0",
      "resolved": "https://registry.npmjs.org/whatwg-url/-/whatwg-url-5.0.0.tgz",
      "integrity": "sha1-lmRU6HZUYuN2RNNib2dCzotwll0=",
      "requires": {
        "tr46": "~0.0.3",
        "webidl-conversions": "^3.0.0"
      }
    }
  }
}
